
Microsoft Visual Studio Solution File, Format Version 12.00
# Visual Studio Version 17
VisualStudioVersion = 17.0.32126.317
MinimumVisualStudioVersion = 10.0.40219.1
Project("{9A19103F-16F7-4668-BE54-9A1E7A4F7556}") = "massive test", "massive test\massive test.csproj", "{AE0536A5-EC63-47EF-9BC8-27E932921E93}"
EndProject
Project("{9A19103F-16F7-4668-BE54-9A1E7A4F7556}") = "dbtest", "dbtest\dbtest.csproj", "{7E23A07F-3B55-4F59-869F-A03C63133B40}"
EndProject
Project("{9A19103F-16F7-4668-BE54-9A1E7A4F7556}") = "sqltest", "sqltest\sqltest.csproj", "{F629DD12-FD2A-455E-A385-46535CFC2A20}"
EndProject
Global
	GlobalSection(SolutionConfigurationPlatforms) = preSolution
		Debug|Any CPU = Debug|Any CPU
		Release|Any CPU = Release|Any CPU
	EndGlobalSection
	GlobalSection(ProjectConfigurationPlatforms) = postSolution
		{AE0536A5-EC63-47EF-9BC8-27E932921E93}.Debug|Any CPU.ActiveCfg = Debug|Any CPU
		{AE0536A5-EC63-47EF-9BC8-27E932921E93}.Debug|Any CPU.Build.0 = Debug|Any CPU
		{AE0536A5-EC63-47EF-9BC8-27E932921E93}.Release|Any CPU.ActiveCfg = Release|Any CPU
		{AE0536A5-EC63-47EF-9BC8-27E932921E93}.Release|Any CPU.Build.0 = Release|Any CPU
		{7E23A07F-3B55-4F59-869F-A03C63133B40}.Debug|Any CPU.ActiveCfg = Debug|Any CPU
		{7E23A07F-3B55-4F59-869F-A03C63133B40}.Debug|Any CPU.Build.0 = Debug|Any CPU
		{7E23A07F-3B55-4F59-869F-A03C63133B40}.Release|Any CPU.ActiveCfg = Release|Any CPU
		{7E23A07F-3B55-4F59-869F-A03C63133B40}.Release|Any CPU.Build.0 = Release|Any CPU
		{F629DD12-FD2A-455E-A385-46535CFC2A20}.Debug|Any CPU.ActiveCfg = Debug|Any CPU
		{F629DD12-FD2A-455E-A385-46535CFC2A20}.Debug|Any CPU.Build.0 = Debug|Any CPU
		{F629DD12-FD2A-455E-A385-46535CFC2A20}.Release|Any CPU.ActiveCfg = Release|Any CPU
		{F629DD12-FD2A-455E-A385-46535CFC2A20}.Release|Any CPU.Build.0 = Release|Any CPU
	EndGlobalSection
	GlobalSection(SolutionProperties) = preSolution
		HideSolutionNode = FALSE
	EndGlobalSection
	GlobalSection(ExtensibilityGlobals) = postSolution
		SolutionGuid = {177A5E45-6584-4C2B-A48E-8215459621EF}
	EndGlobalSection
EndGlobal
